
Microsoft Visual Studio Solution File, Format Version 12.00
# Visual Studio Version 17
VisualStudioVersion = 17.14.36109.1 d17.14
MinimumVisualStudioVersion = 10.0.40219.1
Project("{FAE04EC0-301F-11D3-BF4B-00C04F79EFBC}") = "FeaLogsConverter", "FeaLogsConverter.csproj", "{F13E6A71-38EE-6910-8857-377B19E2A47E}"
EndProject
Global
	GlobalSection(SolutionConfigurationPlatforms) = preSolution
		Debug|Any CPU = Debug|Any CPU
		Release|Any CPU = Release|Any CPU
	EndGlobalSection
	GlobalSection(ProjectConfigurationPlatforms) = postSolution
		{F13E6A71-38EE-6910-8857-377B19E2A47E}.Debug|Any CPU.ActiveCfg = Debug|Any CPU
		{F13E6A71-38EE-6910-8857-377B19E2A47E}.Debug|Any CPU.Build.0 = Debug|Any CPU
		{F13E6A71-38EE-6910-8857-377B19E2A47E}.Release|Any CPU.ActiveCfg = Release|Any CPU
		{F13E6A71-38EE-6910-8857-377B19E2A47E}.Release|Any CPU.Build.0 = Release|Any CPU
	EndGlobalSection
	GlobalSection(SolutionProperties) = preSolution
		HideSolutionNode = FALSE
	EndGlobalSection
	GlobalSection(ExtensibilityGlobals) = postSolution
		SolutionGuid = {5FF37150-FAB9-42F4-A5A2-649301994E9B}
	EndGlobalSection
EndGlobal
